// !$*UTF8*$!
{
	archiveVersion = 1;
	classes = {
	};
	objectVersion = 55;
	objects = {

/* Begin PBXBuildFile section */
		6316C9D12893E88B00282B44 /* AppDelegate.swift in Sources */ = {isa = PBXBuildFile; fileRef = 6316C9D02893E88B00282B44 /* AppDelegate.swift */; };
		6316C9D32893E88B00282B44 /* SceneDelegate.swift in Sources */ = {isa = PBXBuildFile; fileRef = 6316C9D22893E88B00282B44 /* SceneDelegate.swift */; };
		6316C9D52893E88B00282B44 /* ViewController.swift in Sources */ = {isa = PBXBuildFile; fileRef = 6316C9D42893E88B00282B44 /* ViewController.swift */; };
		6316C9D82893E88B00282B44 /* Main.storyboard in Resources */ = {isa = PBXBuildFile; fileRef = 6316C9D62893E88B00282B44 /* Main.storyboard */; };
		6316C9DA2893E88D00282B44 /* Assets.xcassets in Resources */ = {isa = PBXBuildFile; fileRef = 6316C9D92893E88D00282B44 /* Assets.xcassets */; };
		6316C9DD2893E88D00282B44 /* LaunchScreen.storyboard in Resources */ = {isa = PBXBuildFile; fileRef = 6316C9DB2893E88D00282B44 /* LaunchScreen.storyboard */; };
		6316C9E82893E88E00282B44 /* machineLearningTests.swift in Sources */ = {isa = PBXBuildFile; fileRef = 6316C9E72893E88E00282B44 /* machineLearningTests.swift */; };
		6316C9F22893E88E00282B44 /* machineLearningUITests.swift in Sources */ = {isa = PBXBuildFile; fileRef = 6316C9F12893E88E00282B44 /* machineLearningUITests.swift */; };
		6316C9F42893E88E00282B44 /* machineLearningUITestsLaunchTests.swift in Sources */ = {isa = PBXBuildFile; fileRef = 6316C9F32893E88E00282B44 /* machineLearningUITestsLaunchTests.swift */; };
		6316CA012893FBBE00282B44 /* MobileNetV2.mlmodel in Sources */ = {isa = PBXBuildFile; fileRef = 6316CA002893FBBE00282B44 /* MobileNetV2.mlmodel */; };
/* End PBXBuildFile section */

/* Begin PBXContainerItemProxy section */
		6316C9E42893E88E00282B44 /* PBXContainerItemProxy */ = {
			isa = PBXContainerItemProxy;
			containerPortal = 6316C9C52893E88B00282B44 /* Project object */;
			proxyType = 1;
			remoteGlobalIDString = 6316C9CC2893E88B00282B44;
			remoteInfo = machineLearning;
		};
		6316C9EE2893E88E00282B44 /* PBXContainerItemProxy */ = {
			isa = PBXContainerItemProxy;
			containerPortal = 6316C9C52893E88B00282B44 /* Project object */;
			proxyType = 1;
			remoteGlobalIDString = 6316C9CC2893E88B00282B44;
			remoteInfo = machineLearning;
		};
/* End PBXContainerItemProxy section */

/* Begin PBXFileReference section */
		6316C9CD2893E88B00282B44 /* machineLearning.app */ = {isa = PBXFileReference; explicitFileType = wrapper.application; includeInIndex = 0; path = machineLearning.app; sourceTree = BUILT_PRODUCTS_DIR; };
		6316C9D02893E88B00282B44 /* AppDelegate.swift */ = {isa = PBXFileReference; lastKnownFileType = sourcecode.swift; path = AppDelegate.swift; sourceTree = "<group>"; };
		6316C9D22893E88B00282B44 /* SceneDelegate.swift */ = {isa = PBXFileReference; lastKnownFileType = sourcecode.swift; path = SceneDelegate.swift; sourceTree = "<group>"; };
		6316C9D42893E88B00282B44 /* ViewController.swift */ = {isa = PBXFileReference; lastKnownFileType = sourcecode.swift; path = ViewController.swift; sourceTree = "<group>"; };
		6316C9D72893E88B00282B44 /* Base */ = {isa = PBXFileReference; lastKnownFileType = file.storyboard; name = Base; path = Base.lproj/Main.storyboard; sourceTree = "<group>"; };
		6316C9D92893E88D00282B44 /* Assets.xcassets */ = {isa = PBXFileReference; lastKnownFileType = folder.assetcatalog; path = Assets.xcassets; sourceTree = "<group>"; };
		6316C9DC2893E88D00282B44 /* Base */ = {isa = PBXFileReference; lastKnownFileType = file.storyboard; name = Base; path = Base.lproj/LaunchScreen.storyboard; sourceTree = "<group>"; };
		6316C9DE2893E88D00282B44 /* Info.plist */ = {isa = PBXFileReference; lastKnownFileType = text.plist.xml; path = Info.plist; sourceTree = "<group>"; };
		6316C9E32893E88E00282B44 /* machineLearningTests.xctest */ = {isa = PBXFileReference; explicitFileType = wrapper.cfbundle; includeInIndex = 0; path = machineLearningTests.xctest; sourceTree = BUILT_PRODUCTS_DIR; };
		6316C9E72893E88E00282B44 /* machineLearningTests.swift */ = {isa = PBXFileReference; lastKnownFileType = sourcecode.swift; path = machineLearningTests.swift; sourceTree = "<group>"; };
		6316C9ED2893E88E00282B44 /* machineLearningUITests.xctest */ = {isa = PBXFileReference; explicitFileType = wrapper.cfbundle; includeInIndex = 0; path = machineLearningUITests.xctest; sourceTree = BUILT_PRODUCTS_DIR; };
		6316C9F12893E88E00282B44 /* machineLearningUITests.swift */ = {isa = PBXFileReference; lastKnownFileType = sourcecode.swift; path = machineLearningUITests.swift; sourceTree = "<group>"; };
		6316C9F32893E88E00282B44 /* machineLearningUITestsLaunchTests.swift */ = {isa = PBXFileReference; lastKnownFileType = sourcecode.swift; path = machineLearningUITestsLaunchTests.swift; sourceTree = "<group>"; };
		6316CA002893FBBE00282B44 /* MobileNetV2.mlmodel */ = {isa = PBXFileReference; lastKnownFileType = file.mlmodel; path = MobileNetV2.mlmodel; sourceTree = "<group>"; };
/* End PBXFileReference section */

/* Begin PBXFrameworksBuildPhase section */
		6316C9CA2893E88B00282B44 /* Frameworks */ = {
			isa = PBXFrameworksBuildPhase;
			buildActionMask = 2147483647;
			files = (
			);
			runOnlyForDeploymentPostprocessing = 0;
		};
		6316C9E02893E88E00282B44 /* Frameworks */ = {
			isa = PBXFrameworksBuildPhase;
			buildActionMask = 2147483647;
			files = (
			);
			runOnlyForDeploymentPostprocessing = 0;
		};
		6316C9EA2893E88E00282B44 /* Frameworks */ = {
			isa = PBXFrameworksBuildPhase;
			buildActionMask = 2147483647;
			files = (
			);
			runOnlyForDeploymentPostprocessing = 0;
		};
/* End PBXFrameworksBuildPhase section */

/* Begin PBXGroup section */
		6316C9C42893E88B00282B44 = {
			isa = PBXGroup;
			children = (
				6316C9CF2893E88B00282B44 /* machineLearning */,
				6316C9E62893E88E00282B44 /* machineLearningTests */,
				6316C9F02893E88E00282B44 /* machineLearningUITests */,
				6316C9CE2893E88B00282B44 /* Products */,
			);
			sourceTree = "<group>";
		};
		6316C9CE2893E88B00282B44 /* Products */ = {
			isa = PBXGroup;
			children = (
				6316C9CD2893E88B00282B44 /* machineLearning.app */,
				6316C9E32893E88E00282B44 /* machineLearningTests.xctest */,
				6316C9ED2893E88E00282B44 /* machineLearningUITests.xctest */,
			);
			name = Products;
			sourceTree = "<group>";
		};
		6316C9CF2893E88B00282B44 /* machineLearning */ = {
			isa = PBXGroup;
			children = (
				6316C9D02893E88B00282B44 /* AppDelegate.swift */,
				6316C9D22893E88B00282B44 /* SceneDelegate.swift */,
				6316C9D42893E88B00282B44 /* ViewController.swift */,
				6316C9D62893E88B00282B44 /* Main.storyboard */,
				6316C9D92893E88D00282B44 /* Assets.xcassets */,
				6316C9DB2893E88D00282B44 /* LaunchScreen.storyboard */,
				6316C9DE2893E88D00282B44 /* Info.plist */,
				6316CA002893FBBE00282B44 /* MobileNetV2.mlmodel */,
			);
			path = machineLearning;
			sourceTree = "<group>";
		};
		6316C9E62893E88E00282B44 /* machineLearningTests */ = {
			isa = PBXGroup;
			children = (
				6316C9E72893E88E00282B44 /* machineLearningTests.swift */,
			);
			path = machineLearningTests;
			sourceTree = "<group>";
		};
		6316C9F02893E88E00282B44 /* machineLearningUITests */ = {
			isa = PBXGroup;
			children = (
				6316C9F12893E88E00282B44 /* machineLearningUITests.swift */,
				6316C9F32893E88E00282B44 /* machineLearningUITestsLaunchTests.swift */,
			);
			path = machineLearningUITests;
			sourceTree = "<group>";
		};
/* End PBXGroup section */

/* Begin PBXNativeTarget section */
		6316C9CC2893E88B00282B44 /* machineLearning */ = {
			isa = PBXNativeTarget;
			buildConfigurationList = 6316C9F72893E88E00282B44 /* Build configuration list for PBXNativeTarget "machineLearning" */;
			buildPhases = (
				6316C9C92893E88B00282B44 /* Sources */,
				6316C9CA2893E88B00282B44 /* Frameworks */,
				6316C9CB2893E88B00282B44 /* Resources */,
			);
			buildRules = (
			);
			dependencies = (
			);
			name = machineLearning;
			productName = machineLearning;
			productReference = 6316C9CD2893E88B00282B44 /* machineLearning.app */;
			productType = "com.apple.product-type.application";
		};
		6316C9E22893E88E00282B44 /* machineLearningTests */ = {
			isa = PBXNativeTarget;
			buildConfigurationList = 6316C9FA2893E88E00282B44 /* Build configuration list for PBXNativeTarget "machineLearningTests" */;
			buildPhases = (
				6316C9DF2893E88E00282B44 /* Sources */,
				6316C9E02893E88E00282B44 /* Frameworks */,
				6316C9E12893E88E00282B44 /* Resources */,
			);
			buildRules = (
			);
			dependencies = (
				6316C9E52893E88E00282B44 /* PBXTargetDependency */,
			);
			name = machineLearningTests;
			productName = machineLearningTests;
			productReference = 6316C9E32893E88E00282B44 /* machineLearningTests.xctest */;
			productType = "com.apple.product-type.bundle.unit-test";
		};
		6316C9EC2893E88E00282B44 /* machineLearningUITests */ = {
			isa = PBXNativeTarget;
			buildConfigurationList = 6316C9FD2893E88E00282B44 /* Build configuration list for PBXNativeTarget "machineLearningUITests" */;
			buildPhases = (
				6316C9E92893E88E00282B44 /* Sources */,
				6316C9EA2893E88E00282B44 /* Frameworks */,
				6316C9EB2893E88E00282B44 /* Resources */,
			);
			buildRules = (
			);
			dependencies = (
				6316C9EF2893E88E00282B44 /* PBXTargetDependency */,
			);
			name = machineLearningUITests;
			productName = machineLearningUITests;
			productReference = 6316C9ED2893E88E00282B44 /* machineLearningUITests.xctest */;
			productType = "com.apple.product-type.bundle.ui-testing";
		};
/* End PBXNativeTarget section */

/* Begin PBXProject section */
		6316C9C52893E88B00282B44 /* Project object */ = {
			isa = PBXProject;
			attributes = {
				BuildIndependentTargetsInParallel = 1;
				LastSwiftUpdateCheck = 1340;
				LastUpgradeCheck = 1340;
				TargetAttributes = {
					6316C9CC2893E88B00282B44 = {
						CreatedOnToolsVersion = 13.4.1;
					};
					6316C9E22893E88E00282B44 = {
						CreatedOnToolsVersion = 13.4.1;
						TestTargetID = 6316C9CC2893E88B00282B44;
					};
					6316C9EC2893E88E00282B44 = {
						CreatedOnToolsVersion = 13.4.1;
						TestTargetID = 6316C9CC2893E88B00282B44;
					};
				};
			};
			buildConfigurationList = 6316C9C82893E88B00282B44 /* Build configuration list for PBXProject "machineLearning" */;
			compatibilityVersion = "Xcode 13.0";
			developmentRegion = en;
			hasScannedForEncodings = 0;
			knownRegions = (
				en,
				Base,
			);
			mainGroup = 6316C9C42893E88B00282B44;
			productRefGroup = 6316C9CE2893E88B00282B44 /* Products */;
			projectDirPath = "";
			projectRoot = "";
			targets = (
				6316C9CC2893E88B00282B44 /* machineLearning */,
				6316C9E22893E88E00282B44 /* machineLearningTests */,
				6316C9EC2893E88E00282B44 /* machineLearningUITests */,
			);
		};
/* End PBXProject section */

/* Begin PBXResourcesBuildPhase section */
		6316C9CB2893E88B00282B44 /* Resources */ = {
			isa = PBXResourcesBuildPhase;
			buildActionMask = 2147483647;
			files = (
				6316C9DD2893E88D00282B44 /* LaunchScreen.storyboard in Resources */,
				6316C9DA2893E88D00282B44 /* Assets.xcassets in Resources */,
				6316C9D82893E88B00282B44 /* Main.storyboard in Resources */,
			);
			runOnlyForDeploymentPostprocessing = 0;
		};
		6316C9E12893E88E00282B44 /* Resources */ = {
			isa = PBXResourcesBuildPhase;
			buildActionMask = 2147483647;
			files = (
			);
			runOnlyForDeploymentPostprocessing = 0;
		};
		6316C9EB2893E88E00282B44 /* Resources */ = {
			isa = PBXResourcesBuildPhase;
			buildActionMask = 2147483647;
			files = (
			);
			runOnlyForDeploymentPostprocessing = 0;
		};
/* End PBXResourcesBuildPhase section */

/* Begin PBXSourcesBuildPhase section */
		6316C9C92893E88B00282B44 /* Sources */ = {
			isa = PBXSourcesBuildPhase;
			buildActionMask = 2147483647;
			files = (
				6316C9D52893E88B00282B44 /* ViewController.swift in Sources */,
				6316C9D12893E88B00282B44 /* AppDelegate.swift in Sources */,
				6316CA012893FBBE00282B44 /* MobileNetV2.mlmodel in Sources */,
				6316C9D32893E88B00282B44 /* SceneDelegate.swift in Sources */,
			);
			runOnlyForDeploymentPostprocessing = 0;
		};
		6316C9DF2893E88E00282B44 /* Sources */ = {
			isa = PBXSourcesBuildPhase;
			buildActionMask = 2147483647;
			files = (
				6316C9E82893E88E00282B44 /* machineLearningTests.swift in Sources */,
			);
			runOnlyForDeploymentPostprocessing = 0;
		};
		6316C9E92893E88E00282B44 /* Sources */ = {
			isa = PBXSourcesBuildPhase;
			buildActionMask = 2147483647;
			files = (
				6316C9F42893E88E00282B44 /* machineLearningUITestsLaunchTests.swift in Sources */,
				6316C9F22893E88E00282B44 /* machineLearningUITests.swift in Sources */,
			);
			runOnlyForDeploymentPostprocessing = 0;
		};
/* End PBXSourcesBuildPhase section */

/* Begin PBXTargetDependency section */
		6316C9E52893E88E00282B44 /* PBXTargetDependency */ = {
			isa = PBXTargetDependency;
			target = 6316C9CC2893E88B00282B44 /* machineLearning */;
			targetProxy = 6316C9E42893E88E00282B44 /* PBXContainerItemProxy */;
		};
		6316C9EF2893E88E00282B44 /* PBXTargetDependency */ = {
			isa = PBXTargetDependency;
			target = 6316C9CC2893E88B00282B44 /* machineLearning */;
			targetProxy = 6316C9EE2893E88E00282B44 /* PBXContainerItemProxy */;
		};
/* End PBXTargetDependency section */

/* Begin PBXVariantGroup section */
		6316C9D62893E88B00282B44 /* Main.storyboard */ = {
			isa = PBXVariantGroup;
			children = (
				6316C9D72893E88B00282B44 /* Base */,
			);
			name = Main.storyboard;
			sourceTree = "<group>";
		};
		6316C9DB2893E88D00282B44 /* LaunchScreen.storyboard */ = {
			isa = PBXVariantGroup;
			children = (
				6316C9DC2893E88D00282B44 /* Base */,
			);
			name = LaunchScreen.storyboard;
			sourceTree = "<group>";
		};
/* End PBXVariantGroup section */

/* Begin XCBuildConfiguration section */
		6316C9F52893E88E00282B44 /* Debug */ = {
			isa = XCBuildConfiguration;
			buildSettings = {
				ALWAYS_SEARCH_USER_PATHS = NO;
				CLANG_ANALYZER_NONNULL = YES;
				CLANG_ANALYZER_NUMBER_OBJECT_CONVERSION = YES_AGGRESSIVE;
				CLANG_CXX_LANGUAGE_STANDARD = "gnu++17";
				CLANG_ENABLE_MODULES = YES;
				CLANG_ENABLE_OBJC_ARC = YES;
				CLANG_ENABLE_OBJC_WEAK = YES;
				CLANG_WARN_BLOCK_CAPTURE_AUTORELEASING = YES;
				CLANG_WARN_BOOL_CONVERSION = YES;
				CLANG_WARN_COMMA = YES;
				CLANG_WARN_CONSTANT_CONVERSION = YES;
				CLANG_WARN_DEPRECATED_OBJC_IMPLEMENTATIONS = YES;
				CLANG_WARN_DIRECT_OBJC_ISA_USAGE = YES_ERROR;
				CLANG_WARN_DOCUMENTATION_COMMENTS = YES;
				CLANG_WARN_EMPTY_BODY = YES;
				CLANG_WARN_ENUM_CONVERSION = YES;
				CLANG_WARN_INFINITE_RECURSION = YES;
				CLANG_WARN_INT_CONVERSION = YES;
				CLANG_WARN_NON_LITERAL_NULL_CONVERSION = YES;
				CLANG_WARN_OBJC_IMPLICIT_RETAIN_SELF = YES;
				CLANG_WARN_OBJC_LITERAL_CONVERSION = YES;
				CLANG_WARN_OBJC_ROOT_CLASS = YES_ERROR;
				CLANG_WARN_QUOTED_INCLUDE_IN_FRAMEWORK_HEADER = YES;
				CLANG_WARN_RANGE_LOOP_ANALYSIS = YES;
				CLANG_WARN_STRICT_PROTOTYPES = YES;
				CLANG_WARN_SUSPICIOUS_MOVE = YES;
				CLANG_WARN_UNGUARDED_AVAILABILITY = YES_AGGRESSIVE;
				CLANG_WARN_UNREACHABLE_CODE = YES;
				CLANG_WARN__DUPLICATE_METHOD_MATCH = YES;
				COPY_PHASE_STRIP = NO;
				DEBUG_INFORMATION_FORMAT = dwarf;
				ENABLE_STRICT_OBJC_MSGSEND = YES;
				ENABLE_TESTABILITY = YES;
				GCC_C_LANGUAGE_STANDARD = gnu11;
				GCC_DYNAMIC_NO_PIC = NO;
				GCC_NO_COMMON_BLOCKS = YES;
				GCC_OPTIMIZATION_LEVEL = 0;
				GCC_PREPROCESSOR_DEFINITIONS = (
					"DEBUG=1",
					"$(inherited)",
				);
				GCC_WARN_64_TO_32_BIT_CONVERSION = YES;
				GCC_WARN_ABOUT_RETURN_TYPE = YES_ERROR;
				GCC_WARN_UNDECLARED_SELECTOR = YES;
				GCC_WARN_UNINITIALIZED_AUTOS = YES_AGGRESSIVE;
				GCC_WARN_UNUSED_FUNCTION = YES;
				GCC_WARN_UNUSED_VARIABLE = YES;
				IPHONEOS_DEPLOYMENT_TARGET = 15.5;
				MTL_ENABLE_DEBUG_INFO = INCLUDE_SOURCE;
				MTL_FAST_MATH = YES;
				ONLY_ACTIVE_ARCH = YES;
				SDKROOT = iphoneos;
				SWIFT_ACTIVE_COMPILATION_CONDITIONS = DEBUG;
				SWIFT_OPTIMIZATION_LEVEL = "-Onone";
			};
			name = Debug;
		};
		6316C9F62893E88E00282B44 /* Release */ = {
			isa = XCBuildConfiguration;
			buildSettings = {
				ALWAYS_SEARCH_USER_PATHS = NO;
				CLANG_ANALYZER_NONNULL = YES;
				CLANG_ANALYZER_NUMBER_OBJECT_CONVERSION = YES_AGGRESSIVE;
				CLANG_CXX_LANGUAGE_STANDARD = "gnu++17";
				CLANG_ENABLE_MODULES = YES;
				CLANG_ENABLE_OBJC_ARC = YES;
				CLANG_ENABLE_OBJC_WEAK = YES;
				CLANG_WARN_BLOCK_CAPTURE_AUTORELEASING = YES;
				CLANG_WARN_BOOL_CONVERSION = YES;
				CLANG_WARN_COMMA = YES;
				CLANG_WARN_CONSTANT_CONVERSION = YES;
				CLANG_WARN_DEPRECATED_OBJC_IMPLEMENTATIONS = YES;
				CLANG_WARN_DIRECT_OBJC_ISA_USAGE = YES_ERROR;
				CLANG_WARN_DOCUMENTATION_COMMENTS = YES;
				CLANG_WARN_EMPTY_BODY = YES;
				CLANG_WARN_ENUM_CONVERSION = YES;
				CLANG_WARN_INFINITE_RECURSION = YES;
				CLANG_WARN_INT_CONVERSION = YES;
				CLANG_WARN_NON_LITERAL_NULL_CONVERSION = YES;
				CLANG_WARN_OBJC_IMPLICIT_RETAIN_SELF = YES;
				CLANG_WARN_OBJC_LITERAL_CONVERSION = YES;
				CLANG_WARN_OBJC_ROOT_CLASS = YES_ERROR;
				CLANG_WARN_QUOTED_INCLUDE_IN_FRAMEWORK_HEADER = YES;
				CLANG_WARN_RANGE_LOOP_ANALYSIS = YES;
				CLANG_WARN_STRICT_PROTOTYPES = YES;
				CLANG_WARN_SUSPICIOUS_MOVE = YES;
				CLANG_WARN_UNGUARDED_AVAILABILITY = YES_AGGRESSIVE;
				CLANG_WARN_UNREACHABLE_CODE = YES;
				CLANG_WARN__DUPLICATE_METHOD_MATCH = YES;
				COPY_PHASE_STRIP = NO;
				DEBUG_INFORMATION_FORMAT = "dwarf-with-dsym";
				ENABLE_NS_ASSERTIONS = NO;
				ENABLE_STRICT_OBJC_MSGSEND = YES;
				GCC_C_LANGUAGE_STANDARD = gnu11;
				GCC_NO_COMMON_BLOCKS = YES;
				GCC_WARN_64_TO_32_BIT_CONVERSION = YES;
				GCC_WARN_ABOUT_RETURN_TYPE = YES_ERROR;
				GCC_WARN_UNDECLARED_SELECTOR = YES;
				GCC_WARN_UNINITIALIZED_AUTOS = YES_AGGRESSIVE;
				GCC_WARN_UNUSED_FUNCTION = YES;
				GCC_WARN_UNUSED_VARIABLE = YES;
				IPHONEOS_DEPLOYMENT_TARGET = 15.5;
				MTL_ENABLE_DEBUG_INFO = NO;
				MTL_FAST_MATH = YES;
				SDKROOT = iphoneos;
				SWIFT_COMPILATION_MODE = wholemodule;
				SWIFT_OPTIMIZATION_LEVEL = "-O";
				VALIDATE_PRODUCT = YES;
			};
			name = Release;
		};
		6316C9F82893E88E00282B44 /* Debug */ = {
			isa = XCBuildConfiguration;
			buildSettings = {
				ASSETCATALOG_COMPILER_APPICON_NAME = AppIcon;
				ASSETCATALOG_COMPILER_GLOBAL_ACCENT_COLOR_NAME = AccentColor;
				CODE_SIGN_STYLE = Automatic;
				CURRENT_PROJECT_VERSION = 1;
				DEVELOPMENT_TEAM = HZS53T8UPQ;
				GENERATE_INFOPLIST_FILE = YES;
				INFOPLIST_FILE = machineLearning/Info.plist;
				INFOPLIST_KEY_UIApplicationSupportsIndirectInputEvents = YES;
				INFOPLIST_KEY_UILaunchStoryboardName = LaunchScreen;
				INFOPLIST_KEY_UIMainStoryboardFile = Main;
				INFOPLIST_KEY_UISupportedInterfaceOrientations_iPad = "UIInterfaceOrientationPortrait UIInterfaceOrientationPortraitUpsideDown UIInterfaceOrientationLandscapeLeft UIInterfaceOrientationLandscapeRight";
				INFOPLIST_KEY_UISupportedInterfaceOrientations_iPhone = "UIInterfaceOrientationPortrait UIInterfaceOrientationLandscapeLeft UIInterfaceOrientationLandscapeRight";
				LD_RUNPATH_SEARCH_PATHS = (
					"$(inherited)",
					"@executable_path/Frameworks",
				);
				MARKETING_VERSION = 1.0;
				PRODUCT_BUNDLE_IDENTIFIER = dogukan.dogan.machineLearning;
				PRODUCT_NAME = "$(TARGET_NAME)";
				SWIFT_EMIT_LOC_STRINGS = YES;
				SWIFT_VERSION = 5.0;
				TARGETED_DEVICE_FAMILY = "1,2";
			};
			name = Debug;
		};
		6316C9F92893E88E00282B44 /* Release */ = {
			isa = XCBuildConfiguration;
			buildSettings = {
				ASSETCATALOG_COMPILER_APPICON_NAME = AppIcon;
				ASSETCATALOG_COMPILER_GLOBAL_ACCENT_COLOR_NAME = AccentColor;
				CODE_SIGN_STYLE = Automatic;
				CURRENT_PROJECT_VERSION = 1;
				DEVELOPMENT_TEAM = HZS53T8UPQ;
				GENERATE_INFOPLIST_FILE = YES;
				INFOPLIST_FILE = machineLearning/Info.plist;
				INFOPLIST_KEY_UIApplicationSupportsIndirectInputEvents = YES;
				INFOPLIST_KEY_UILaunchStoryboardName = LaunchScreen;
				INFOPLIST_KEY_UIMainStoryboardFile = Main;
				INFOPLIST_KEY_UISupportedInterfaceOrientations_iPad = "UIInterfaceOrientationPortrait UIInterfaceOrientationPortraitUpsideDown UIInterfaceOrientationLandscapeLeft UIInterfaceOrientationLandscapeRight";
				INFOPLIST_KEY_UISupportedInterfaceOrientations_iPhone = "UIInterfaceOrientationPortrait UIInterfaceOrientationLandscapeLeft UIInterfaceOrientationLandscapeRight";
				LD_RUNPATH_SEARCH_PATHS = (
					"$(inherited)",
					"@executable_path/Frameworks",
				);
				MARKETING_VERSION = 1.0;
				PRODUCT_BUNDLE_IDENTIFIER = dogukan.dogan.machineLearning;
				PRODUCT_NAME = "$(TARGET_NAME)";
				SWIFT_EMIT_LOC_STRINGS = YES;
				SWIFT_VERSION = 5.0;
				TARGETED_DEVICE_FAMILY = "1,2";
			};
			name = Release;
		};
		6316C9FB2893E88E00282B44 /* Debug */ = {
			isa = XCBuildConfiguration;
			buildSettings = {
				ALWAYS_EMBED_SWIFT_STANDARD_LIBRARIES = YES;
				BUNDLE_LOADER = "$(TEST_HOST)";
				CODE_SIGN_STYLE = Automatic;
				CURRENT_PROJECT_VERSION = 1;
				DEVELOPMENT_TEAM = HZS53T8UPQ;
				GENERATE_INFOPLIST_FILE = YES;
				IPHONEOS_DEPLOYMENT_TARGET = 15.5;
				MARKETING_VERSION = 1.0;
				PRODUCT_BUNDLE_IDENTIFIER = dogukan.dogan.machineLearningTests;
				PRODUCT_NAME = "$(TARGET_NAME)";
				SWIFT_EMIT_LOC_STRINGS = NO;
				SWIFT_VERSION = 5.0;
				TARGETED_DEVICE_FAMILY = "1,2";
				TEST_HOST = "$(BUILT_PRODUCTS_DIR)/machineLearning.app/machineLearning";
			};
			name = Debug;
		};
		6316C9FC2893E88E00282B44 /* Release */ = {
			isa = XCBuildConfiguration;
			buildSettings = {
				ALWAYS_EMBED_SWIFT_STANDARD_LIBRARIES = YES;
				BUNDLE_LOADER = "$(TEST_HOST)";
				CODE_SIGN_STYLE = Automatic;
				CURRENT_PROJECT_VERSION = 1;
				DEVELOPMENT_TEAM = HZS53T8UPQ;
				GENERATE_INFOPLIST_FILE = YES;
				IPHONEOS_DEPLOYMENT_TARGET = 15.5;
				MARKETING_VERSION = 1.0;
				PRODUCT_BUNDLE_IDENTIFIER = dogukan.dogan.machineLearningTests;
				PRODUCT_NAME = "$(TARGET_NAME)";
				SWIFT_EMIT_LOC_STRINGS = NO;
				SWIFT_VERSION = 5.0;
				TARGETED_DEVICE_FAMILY = "1,2";
				TEST_HOST = "$(BUILT_PRODUCTS_DIR)/machineLearning.app/machineLearning";
			};
			name = Release;
		};
		6316C9FE2893E88E00282B44 /* Debug */ = {
			isa = XCBuildConfiguration;
			buildSettings = {
				ALWAYS_EMBED_SWIFT_STANDARD_LIBRARIES = YES;
				CODE_SIGN_STYLE = Automatic;
				CURRENT_PROJECT_VERSION = 1;
				DEVELOPMENT_TEAM = HZS53T8UPQ;
				GENERATE_INFOPLIST_FILE = YES;
				MARKETING_VERSION = 1.0;
				PRODUCT_BUNDLE_IDENTIFIER = dogukan.dogan.machineLearningUITests;
				PRODUCT_NAME = "$(TARGET_NAME)";
				SWIFT_EMIT_LOC_STRINGS = NO;
				SWIFT_VERSION = 5.0;
				TARGETED_DEVICE_FAMILY = "1,2";
				TEST_TARGET_NAME = machineLearning;
			};
			name = Debug;
		};
		6316C9FF2893E88E00282B44 /* Release */ = {
			isa = XCBuildConfiguration;
			buildSettings = {
				ALWAYS_EMBED_SWIFT_STANDARD_LIBRARIES = YES;
				CODE_SIGN_STYLE = Automatic;
				CURRENT_PROJECT_VERSION = 1;
				DEVELOPMENT_TEAM = HZS53T8UPQ;
				GENERATE_INFOPLIST_FILE = YES;
				MARKETING_VERSION = 1.0;
				PRODUCT_BUNDLE_IDENTIFIER = dogukan.dogan.machineLearningUITests;
				PRODUCT_NAME = "$(TARGET_NAME)";
				SWIFT_EMIT_LOC_STRINGS = NO;
				SWIFT_VERSION = 5.0;
				TARGETED_DEVICE_FAMILY = "1,2";
				TEST_TARGET_NAME = machineLearning;
			};
			name = Release;
		};
/* End XCBuildConfiguration section */

/* Begin XCConfigurationList section */
		6316C9C82893E88B00282B44 /* Build configuration list for PBXProject "machineLearning" */ = {
			isa = XCConfigurationList;
			buildConfigurations = (
				6316C9F52893E88E00282B44 /* Debug */,
				6316C9F62893E88E00282B44 /* Release */,
			);
			defaultConfigurationIsVisible = 0;
			defaultConfigurationName = Release;
		};
		6316C9F72893E88E00282B44 /* Build configuration list for PBXNativeTarget "machineLearning" */ = {
			isa = XCConfigurationList;
			buildConfigurations = (
				6316C9F82893E88E00282B44 /* Debug */,
				6316C9F92893E88E00282B44 /* Release */,
			);
			defaultConfigurationIsVisible = 0;
			defaultConfigurationName = Release;
		};
		6316C9FA2893E88E00282B44 /* Build configuration list for PBXNativeTarget "machineLearningTests" */ = {
			isa = XCConfigurationList;
			buildConfigurations = (
				6316C9FB2893E88E00282B44 /* Debug */,
				6316C9FC2893E88E00282B44 /* Release */,
			);
			defaultConfigurationIsVisible = 0;
			defaultConfigurationName = Release;
		};
		6316C9FD2893E88E00282B44 /* Build configuration list for PBXNativeTarget "machineLearningUITests" */ = {
			isa = XCConfigurationList;
			buildConfigurations = (
				6316C9FE2893E88E00282B44 /* Debug */,
				6316C9FF2893E88E00282B44 /* Release */,
			);
			defaultConfigurationIsVisible = 0;
			defaultConfigurationName = Release;
		};
/* End XCConfigurationList section */
	};
	rootObject = 6316C9C52893E88B00282B44 /* Project object */;
}
